// !$*UTF8*$!
{
	archiveVersion = 1;
	classes = {
	};
	objectVersion = 54;
	objects = {

/* Begin PBXBuildFile section */
		00E356F31AD99517003FC87E /* AwesomeProjectTests.m in Sources */ = {isa = PBXBuildFile; fileRef = 00E356F21AD99517003FC87E /* AwesomeProjectTests.m */; };
		13B07FBC1A68108700A75B9A /* AppDelegate.m in Sources */ = {isa = PBXBuildFile; fileRef = 13B07FB01A68108700A75B9A /* AppDelegate.m */; };
		13B07FBF1A68108700A75B9A /* Images.xcassets in Resources */ = {isa = PBXBuildFile; fileRef = 13B07FB51A68108700A75B9A /* Images.xcassets */; };
		13B07FC11A68108700A75B9A /* main.m in Sources */ = {isa = PBXBuildFile; fileRef = 13B07FB71A68108700A75B9A /* main.m */; };
		81AB9BB82411601600AC10FF /* LaunchScreen.storyboard in Resources */ = {isa = PBXBuildFile; fileRef = 81AB9BB72411601600AC10FF /* LaunchScreen.storyboard */; };
		7A407F78F5FB40F19E6235F5 /* OpenSans-Bold.ttf in Resources */ = {isa = PBXBuildFile; fileRef = 30E7403762164186B0CC637C /* OpenSans-Bold.ttf */; };
		0360B1968CDB46BCB35A17F1 /* OpenSans-BoldItalic.ttf in Resources */ = {isa = PBXBuildFile; fileRef = 9BA5F9D58DD44723BCA49336 /* OpenSans-BoldItalic.ttf */; };
		A3B3BA50DCF24215A41A1770 /* OpenSans-ExtraBold.ttf in Resources */ = {isa = PBXBuildFile; fileRef = 8B83A2C1D5674EFB87749456 /* OpenSans-ExtraBold.ttf */; };
		0E69389D944543009C87AB62 /* OpenSans-ExtraBoldItalic.ttf in Resources */ = {isa = PBXBuildFile; fileRef = 635EC8D7C8054A588C36AC6F /* OpenSans-ExtraBoldItalic.ttf */; };
		623C7E7906914F6DA68D6590 /* OpenSans-Italic.ttf in Resources */ = {isa = PBXBuildFile; fileRef = 67B09964B57A4F968F6B4BE1 /* OpenSans-Italic.ttf */; };
		1B4C82B189EF481CB5822938 /* OpenSans-Light.ttf in Resources */ = {isa = PBXBuildFile; fileRef = 3F11F3AE6D904F81A5949B3D /* OpenSans-Light.ttf */; };
		23B1B5D2553448DF8CC7B89A /* OpenSans-LightItalic.ttf in Resources */ = {isa = PBXBuildFile; fileRef = 73BEDAC1C04748AFA0635873 /* OpenSans-LightItalic.ttf */; };
		CEF402833E9C44C29297323A /* OpenSans-Regular.ttf in Resources */ = {isa = PBXBuildFile; fileRef = 0DC9E9DDED42439CAA4979CC /* OpenSans-Regular.ttf */; };
		7DA9BDF3191B4439B4697D0D /* OpenSans-SemiBold.ttf in Resources */ = {isa = PBXBuildFile; fileRef = CAADF657929D4C19A7589F0D /* OpenSans-SemiBold.ttf */; };
		F7A9C66AC6FD4A09AA24C1EA /* OpenSans-SemiBoldItalic.ttf in Resources */ = {isa = PBXBuildFile; fileRef = 2E17CEAC9BA6417E9516E87D /* OpenSans-SemiBoldItalic.ttf */; };
		5317CE0966204CD998A54C1F /* AntDesign.ttf in Resources */ = {isa = PBXBuildFile; fileRef = D922E53BFE6746AF8A459382 /* AntDesign.ttf */; };
		879C35CCB9FF4642995C6441 /* Entypo.ttf in Resources */ = {isa = PBXBuildFile; fileRef = FAEEF8B411524FB2B1F51BC2 /* Entypo.ttf */; };
		4532F2B0DA8E40CEBF5A0C2D /* EvilIcons.ttf in Resources */ = {isa = PBXBuildFile; fileRef = 6C9ACB8A7CCF4E19A78D3983 /* EvilIcons.ttf */; };
		2FB275C7A7BC433A9458890D /* Feather.ttf in Resources */ = {isa = PBXBuildFile; fileRef = 52109A876AE149FCA84A1DF9 /* Feather.ttf */; };
		D2A98795B1B943FBA3E8269E /* FontAwesome.ttf in Resources */ = {isa = PBXBuildFile; fileRef = EBD0D894654B4FE289BCDAE3 /* FontAwesome.ttf */; };
		88F4655A9FC741E6929B1AC5 /* FontAwesome5_Brands.ttf in Resources */ = {isa = PBXBuildFile; fileRef = 7FD74197FF344DA2B435877F /* FontAwesome5_Brands.ttf */; };
		523A2EEE2BD64E09B7B8A64A /* FontAwesome5_Regular.ttf in Resources */ = {isa = PBXBuildFile; fileRef = 5C96402C8D9E4AC29DB318F6 /* FontAwesome5_Regular.ttf */; };
		0ACFD3A7E5A64EDAA8D9EDFC /* FontAwesome5_Solid.ttf in Resources */ = {isa = PBXBuildFile; fileRef = 2234F047BCCF44E1AA91C2BC /* FontAwesome5_Solid.ttf */; };
		C6FD33DECFEA4999A3D01B64 /* Fontisto.ttf in Resources */ = {isa = PBXBuildFile; fileRef = 778E9A5B65B4470DBB1450B6 /* Fontisto.ttf */; };
		A57710AB493C49FE8A4997BB /* Foundation.ttf in Resources */ = {isa = PBXBuildFile; fileRef = A7766BADA7B340E584A4E369 /* Foundation.ttf */; };
		E5DD644880C340729DEE0F1F /* Ionicons.ttf in Resources */ = {isa = PBXBuildFile; fileRef = 8825C6764D714E7EBD9B01A6 /* Ionicons.ttf */; };
		11FE831FDE3B41319AB46D7F /* MaterialCommunityIcons.ttf in Resources */ = {isa = PBXBuildFile; fileRef = EB82E47723F449FB8FCCB4AA /* MaterialCommunityIcons.ttf */; };
		07FDFA2EC30F44918818F358 /* MaterialIcons.ttf in Resources */ = {isa = PBXBuildFile; fileRef = A39527A89BC647C99ECF8095 /* MaterialIcons.ttf */; };
		189556FBAAA4428D835921B2 /* Octicons.ttf in Resources */ = {isa = PBXBuildFile; fileRef = A53230C56F9948A9BC99224E /* Octicons.ttf */; };
		5810E7BB4F3E440184E9FF44 /* Roboto-Black.ttf in Resources */ = {isa = PBXBuildFile; fileRef = F5EC0B5306E04272AE3E5C38 /* Roboto-Black.ttf */; };
		47A0478F17FF4C92BD866216 /* Roboto-BlackItalic.ttf in Resources */ = {isa = PBXBuildFile; fileRef = 92AC5D46D13D47D8921AFF24 /* Roboto-BlackItalic.ttf */; };
		645AD9BCBBB14EF0B441EA7F /* Roboto-Bold.ttf in Resources */ = {isa = PBXBuildFile; fileRef = 70BAFC98C8CA48008C165A98 /* Roboto-Bold.ttf */; };
		8E4156F3ADA94421BD27E57D /* Roboto-BoldItalic.ttf in Resources */ = {isa = PBXBuildFile; fileRef = 12E2E89C2FE6440BA1C25156 /* Roboto-BoldItalic.ttf */; };
		2DFC0E3E35B44A00970DABD7 /* Roboto-Italic.ttf in Resources */ = {isa = PBXBuildFile; fileRef = 3256DD17773147EA8975029F /* Roboto-Italic.ttf */; };
		99F10077ADAB4F55952E3DC5 /* Roboto-Light.ttf in Resources */ = {isa = PBXBuildFile; fileRef = FB5ABB5C9B9140F9AA4B9210 /* Roboto-Light.ttf */; };
		E466E72C333D43CB800B877C /* Roboto-LightItalic.ttf in Resources */ = {isa = PBXBuildFile; fileRef = E0BA8B4574304A109DAF6D07 /* Roboto-LightItalic.ttf */; };
		A85F6B2F353F4EF3B7AC5481 /* Roboto-Medium.ttf in Resources */ = {isa = PBXBuildFile; fileRef = 730DC3574AB1423B801172CC /* Roboto-Medium.ttf */; };
		5FB6122D3ABC4416AE793E5A /* Roboto-MediumItalic.ttf in Resources */ = {isa = PBXBuildFile; fileRef = 943CBB9DE5E042879F22FD66 /* Roboto-MediumItalic.ttf */; };
		1748B5FA38D24D888775B29F /* Roboto-Regular.ttf in Resources */ = {isa = PBXBuildFile; fileRef = 3DB70790B26A4C0C8CA9CED8 /* Roboto-Regular.ttf */; };
		BD92920E14C1454697F472A5 /* Roboto-Thin.ttf in Resources */ = {isa = PBXBuildFile; fileRef = A5B9D8F571354486BF3A0C22 /* Roboto-Thin.ttf */; };
		4F56E34C2C894CBD843291FE /* Roboto-ThinItalic.ttf in Resources */ = {isa = PBXBuildFile; fileRef = ACAA5BD11BB34E379C0880D4 /* Roboto-ThinItalic.ttf */; };
		8597BA417C914BAF9682756F /* SimpleLineIcons.ttf in Resources */ = {isa = PBXBuildFile; fileRef = 2D699156C4BA4A0D88163D00 /* SimpleLineIcons.ttf */; };
		E4A0E1F2F2424E68B6DB4160 /* Zocial.ttf in Resources */ = {isa = PBXBuildFile; fileRef = B37A06258D184EF09BE963EF /* Zocial.ttf */; };
		C102F2C57C2E4628916A1C54 /* Kufam-Black.ttf in Resources */ = {isa = PBXBuildFile; fileRef = 352039E2DB914728B999F8CB /* Kufam-Black.ttf */; };
		BBC5E6EE0BDC4C968C9B21B5 /* Kufam-BlackItalic.ttf in Resources */ = {isa = PBXBuildFile; fileRef = D895BC18B60A46F8B695DE09 /* Kufam-BlackItalic.ttf */; };
		8A69211EBA5D4741A0FCB809 /* Kufam-Bold.ttf in Resources */ = {isa = PBXBuildFile; fileRef = 07FF884FA29542FAA3AB8AC1 /* Kufam-Bold.ttf */; };
		36EED60B86304B6EADD4ECC3 /* Kufam-BoldItalic.ttf in Resources */ = {isa = PBXBuildFile; fileRef = B3D81B4357974B8499DB7267 /* Kufam-BoldItalic.ttf */; };
		DF38B762C323412A9435C84F /* Kufam-ExtraBold.ttf in Resources */ = {isa = PBXBuildFile; fileRef = 63D6F9CE10AC440593BDFD2E /* Kufam-ExtraBold.ttf */; };
		E6F079A5247A4CE58FAAD9EB /* Kufam-ExtraBoldItalic.ttf in Resources */ = {isa = PBXBuildFile; fileRef = 7BA5DE46F1A74753B9F2F2C8 /* Kufam-ExtraBoldItalic.ttf */; };
		C1C4BE00C74C4F29899C3A35 /* Kufam-Italic-VariableFont_wght.ttf in Resources */ = {isa = PBXBuildFile; fileRef = EAEFFFB5656E4225B7716999 /* Kufam-Italic-VariableFont_wght.ttf */; };
		B409CD79B2614D3AA5F17DDC /* Kufam-Italic.ttf in Resources */ = {isa = PBXBuildFile; fileRef = A079B0F3340143BCB2FC036C /* Kufam-Italic.ttf */; };
		458CF416834547579DF909DF /* Kufam-Medium.ttf in Resources */ = {isa = PBXBuildFile; fileRef = 43A2DEBAE18C4A0E8B4F642B /* Kufam-Medium.ttf */; };
		B22AF15B55094D159849BEDD /* Kufam-MediumItalic.ttf in Resources */ = {isa = PBXBuildFile; fileRef = 41083764ADD449B3963DF98F /* Kufam-MediumItalic.ttf */; };
		361404A4C98F4A36BD0D50F1 /* Kufam-Regular.ttf in Resources */ = {isa = PBXBuildFile; fileRef = 3551869CD5154F6FBAE92945 /* Kufam-Regular.ttf */; };
		0AFEDC336BBF4E4295976E78 /* Kufam-SemiBold.ttf in Resources */ = {isa = PBXBuildFile; fileRef = 4D6B45756B05499CAACCD8B2 /* Kufam-SemiBold.ttf */; };
		945B17C01C99410CA5884B40 /* Kufam-SemiBoldItalic.ttf in Resources */ = {isa = PBXBuildFile; fileRef = 03438C4BDE4C45C8BF12E2EA /* Kufam-SemiBoldItalic.ttf */; };
		94DE56B8E2FB4C5CA333A691 /* Kufam-VariableFont_wght.ttf in Resources */ = {isa = PBXBuildFile; fileRef = BB82D6AAB9F541D0B90F2B90 /* Kufam-VariableFont_wght.ttf */; };
		224F85B0D9054DDA84A09167 /* Poppins-Black.ttf in Resources */ = {isa = PBXBuildFile; fileRef = B8E879CDB68F44B79CE68CD3 /* Poppins-Black.ttf */; };
		D4A9B7B2BE124AB9AE8C4A1A /* Poppins-BlackItalic.ttf in Resources */ = {isa = PBXBuildFile; fileRef = DE37242B74D64BF09D2B6F94 /* Poppins-BlackItalic.ttf */; };
		15AAE94CAD97405A8B7A5A1D /* Poppins-Bold.ttf in Resources */ = {isa = PBXBuildFile; fileRef = 818D0CC0DC91416C8C28B7E4 /* Poppins-Bold.ttf */; };
		30066E41AE6B4D5FAF4F340E /* Poppins-BoldItalic.ttf in Resources */ = {isa = PBXBuildFile; fileRef = AFEAA696881C40019F848DF0 /* Poppins-BoldItalic.ttf */; };
		00C1AC014C5F4C488200AAC6 /* Poppins-ExtraBold.ttf in Resources */ = {isa = PBXBuildFile; fileRef = E5CC56F59E2D424087B62A8D /* Poppins-ExtraBold.ttf */; };
		3929A944E101478A97E5661A /* Poppins-ExtraBoldItalic.ttf in Resources */ = {isa = PBXBuildFile; fileRef = 5E1259C9119349DEB953E97F /* Poppins-ExtraBoldItalic.ttf */; };
		E9A34F2A294C45FEA9A82EE1 /* Poppins-ExtraLight.ttf in Resources */ = {isa = PBXBuildFile; fileRef = D300EAECF6E243ACA63B5C87 /* Poppins-ExtraLight.ttf */; };
		61A1AF58B8B74805B4A4C352 /* Poppins-ExtraLightItalic.ttf in Resources */ = {isa = PBXBuildFile; fileRef = 4B90445750C641708564ED04 /* Poppins-ExtraLightItalic.ttf */; };
		7B9BE529DE3E4DA2920B5019 /* Poppins-Italic.ttf in Resources */ = {isa = PBXBuildFile; fileRef = 13FB4D80BDFB422588D61B59 /* Poppins-Italic.ttf */; };
		42CFD0ECDCFA4707A15368EB /* Poppins-Light.ttf in Resources */ = {isa = PBXBuildFile; fileRef = 19CF60C75BA7463296B6A826 /* Poppins-Light.ttf */; };
		B03D8C46386D42389A8FE7D0 /* Poppins-LightItalic.ttf in Resources */ = {isa = PBXBuildFile; fileRef = E1B7BE4149B34837A0E26DDE /* Poppins-LightItalic.ttf */; };
		03F0D989212148E891D3130B /* Poppins-Medium.ttf in Resources */ = {isa = PBXBuildFile; fileRef = FC5CC5B0D6964DC2AD70ADE7 /* Poppins-Medium.ttf */; };
		A3452F38E2764210AF9EB9C5 /* Poppins-MediumItalic.ttf in Resources */ = {isa = PBXBuildFile; fileRef = 643755C1BF2341B09D87A184 /* Poppins-MediumItalic.ttf */; };
		6AF96E63AF024FA3BFE60DBB /* Poppins-Regular.ttf in Resources */ = {isa = PBXBuildFile; fileRef = DBA6199E481349A7B05D1FFF /* Poppins-Regular.ttf */; };
		071DDD8B22C54168BC917D75 /* Poppins-SemiBold.ttf in Resources */ = {isa = PBXBuildFile; fileRef = 92066212E27443A1AE0C25CD /* Poppins-SemiBold.ttf */; };
		0D1FDEA2A59247DE93D0AFCB /* Poppins-SemiBoldItalic.ttf in Resources */ = {isa = PBXBuildFile; fileRef = D4B5EF0DBEED4DCDA7790E2B /* Poppins-SemiBoldItalic.ttf */; };
		01E8185A1DF44865B800CBD0 /* Poppins-Thin.ttf in Resources */ = {isa = PBXBuildFile; fileRef = 28378F30F6114C5EB513FE94 /* Poppins-Thin.ttf */; };
		435CADD1291241C1899C72F4 /* Poppins-ThinItalic.ttf in Resources */ = {isa = PBXBuildFile; fileRef = 60779BE32AB44726A2222840 /* Poppins-ThinItalic.ttf */; };
/* End PBXBuildFile section */

/* Begin PBXContainerItemProxy section */
		00E356F41AD99517003FC87E /* PBXContainerItemProxy */ = {
			isa = PBXContainerItemProxy;
			containerPortal = 83CBB9F71A601CBA00E9B192 /* Project object */;
			proxyType = 1;
			remoteGlobalIDString = 13B07F861A680F5B00A75B9A;
			remoteInfo = AwesomeProject;
		};
/* End PBXContainerItemProxy section */

/* Begin PBXFileReference section */
		00E356EE1AD99517003FC87E /* AwesomeProjectTests.xctest */ = {isa = PBXFileReference; explicitFileType = wrapper.cfbundle; includeInIndex = 0; path = AwesomeProjectTests.xctest; sourceTree = BUILT_PRODUCTS_DIR; };
		00E356F11AD99517003FC87E /* Info.plist */ = {isa = PBXFileReference; lastKnownFileType = text.plist.xml; path = Info.plist; sourceTree = "<group>"; };
		00E356F21AD99517003FC87E /* AwesomeProjectTests.m */ = {isa = PBXFileReference; lastKnownFileType = sourcecode.c.objc; path = AwesomeProjectTests.m; sourceTree = "<group>"; };
		13B07F961A680F5B00A75B9A /* AwesomeProject.app */ = {isa = PBXFileReference; explicitFileType = wrapper.application; includeInIndex = 0; path = AwesomeProject.app; sourceTree = BUILT_PRODUCTS_DIR; };
		13B07FAF1A68108700A75B9A /* AppDelegate.h */ = {isa = PBXFileReference; fileEncoding = 4; lastKnownFileType = sourcecode.c.h; name = AppDelegate.h; path = AwesomeProject/AppDelegate.h; sourceTree = "<group>"; };
		13B07FB01A68108700A75B9A /* AppDelegate.m */ = {isa = PBXFileReference; fileEncoding = 4; lastKnownFileType = sourcecode.c.objc; name = AppDelegate.m; path = AwesomeProject/AppDelegate.m; sourceTree = "<group>"; };
		13B07FB51A68108700A75B9A /* Images.xcassets */ = {isa = PBXFileReference; lastKnownFileType = folder.assetcatalog; name = Images.xcassets; path = AwesomeProject/Images.xcassets; sourceTree = "<group>"; };
		13B07FB61A68108700A75B9A /* Info.plist */ = {isa = PBXFileReference; fileEncoding = 4; lastKnownFileType = text.plist.xml; name = Info.plist; path = AwesomeProject/Info.plist; sourceTree = "<group>"; };
		13B07FB71A68108700A75B9A /* main.m */ = {isa = PBXFileReference; fileEncoding = 4; lastKnownFileType = sourcecode.c.objc; name = main.m; path = AwesomeProject/main.m; sourceTree = "<group>"; };
		81AB9BB72411601600AC10FF /* LaunchScreen.storyboard */ = {isa = PBXFileReference; fileEncoding = 4; lastKnownFileType = file.storyboard; name = LaunchScreen.storyboard; path = AwesomeProject/LaunchScreen.storyboard; sourceTree = "<group>"; };
		ED297162215061F000B7C4FE /* JavaScriptCore.framework */ = {isa = PBXFileReference; lastKnownFileType = wrapper.framework; name = JavaScriptCore.framework; path = System/Library/Frameworks/JavaScriptCore.framework; sourceTree = SDKROOT; };
		30E7403762164186B0CC637C /* OpenSans-Bold.ttf */ = {isa = PBXFileReference; name = "OpenSans-Bold.ttf"; path = "../assets/fonts/OpenSans-Bold.ttf"; sourceTree = "<group>"; fileEncoding = undefined; lastKnownFileType = unknown; explicitFileType = undefined; includeInIndex = 0; };
		9BA5F9D58DD44723BCA49336 /* OpenSans-BoldItalic.ttf */ = {isa = PBXFileReference; name = "OpenSans-BoldItalic.ttf"; path = "../assets/fonts/OpenSans-BoldItalic.ttf"; sourceTree = "<group>"; fileEncoding = undefined; lastKnownFileType = unknown; explicitFileType = undefined; includeInIndex = 0; };
		8B83A2C1D5674EFB87749456 /* OpenSans-ExtraBold.ttf */ = {isa = PBXFileReference; name = "OpenSans-ExtraBold.ttf"; path = "../assets/fonts/OpenSans-ExtraBold.ttf"; sourceTree = "<group>"; fileEncoding = undefined; lastKnownFileType = unknown; explicitFileType = undefined; includeInIndex = 0; };
		635EC8D7C8054A588C36AC6F /* OpenSans-ExtraBoldItalic.ttf */ = {isa = PBXFileReference; name = "OpenSans-ExtraBoldItalic.ttf"; path = "../assets/fonts/OpenSans-ExtraBoldItalic.ttf"; sourceTree = "<group>"; fileEncoding = undefined; lastKnownFileType = unknown; explicitFileType = undefined; includeInIndex = 0; };
		67B09964B57A4F968F6B4BE1 /* OpenSans-Italic.ttf */ = {isa = PBXFileReference; name = "OpenSans-Italic.ttf"; path = "../assets/fonts/OpenSans-Italic.ttf"; sourceTree = "<group>"; fileEncoding = undefined; lastKnownFileType = unknown; explicitFileType = undefined; includeInIndex = 0; };
		3F11F3AE6D904F81A5949B3D /* OpenSans-Light.ttf */ = {isa = PBXFileReference; name = "OpenSans-Light.ttf"; path = "../assets/fonts/OpenSans-Light.ttf"; sourceTree = "<group>"; fileEncoding = undefined; lastKnownFileType = unknown; explicitFileType = undefined; includeInIndex = 0; };
		73BEDAC1C04748AFA0635873 /* OpenSans-LightItalic.ttf */ = {isa = PBXFileReference; name = "OpenSans-LightItalic.ttf"; path = "../assets/fonts/OpenSans-LightItalic.ttf"; sourceTree = "<group>"; fileEncoding = undefined; lastKnownFileType = unknown; explicitFileType = undefined; includeInIndex = 0; };
		0DC9E9DDED42439CAA4979CC /* OpenSans-Regular.ttf */ = {isa = PBXFileReference; name = "OpenSans-Regular.ttf"; path = "../assets/fonts/OpenSans-Regular.ttf"; sourceTree = "<group>"; fileEncoding = undefined; lastKnownFileType = unknown; explicitFileType = undefined; includeInIndex = 0; };
		CAADF657929D4C19A7589F0D /* OpenSans-SemiBold.ttf */ = {isa = PBXFileReference; name = "OpenSans-SemiBold.ttf"; path = "../assets/fonts/OpenSans-SemiBold.ttf"; sourceTree = "<group>"; fileEncoding = undefined; lastKnownFileType = unknown; explicitFileType = undefined; includeInIndex = 0; };
		2E17CEAC9BA6417E9516E87D /* OpenSans-SemiBoldItalic.ttf */ = {isa = PBXFileReference; name = "OpenSans-SemiBoldItalic.ttf"; path = "../assets/fonts/OpenSans-SemiBoldItalic.ttf"; sourceTree = "<group>"; fileEncoding = undefined; lastKnownFileType = unknown; explicitFileType = undefined; includeInIndex = 0; };
		D922E53BFE6746AF8A459382 /* AntDesign.ttf */ = {isa = PBXFileReference; name = "AntDesign.ttf"; path = "../assets/fonts/AntDesign.ttf"; sourceTree = "<group>"; fileEncoding = undefined; lastKnownFileType = unknown; explicitFileType = undefined; includeInIndex = 0; };
		FAEEF8B411524FB2B1F51BC2 /* Entypo.ttf */ = {isa = PBXFileReference; name = "Entypo.ttf"; path = "../assets/fonts/Entypo.ttf"; sourceTree = "<group>"; fileEncoding = undefined; lastKnownFileType = unknown; explicitFileType = undefined; includeInIndex = 0; };
		6C9ACB8A7CCF4E19A78D3983 /* EvilIcons.ttf */ = {isa = PBXFileReference; name = "EvilIcons.ttf"; path = "../assets/fonts/EvilIcons.ttf"; sourceTree = "<group>"; fileEncoding = undefined; lastKnownFileType = unknown; explicitFileType = undefined; includeInIndex = 0; };
		52109A876AE149FCA84A1DF9 /* Feather.ttf */ = {isa = PBXFileReference; name = "Feather.ttf"; path = "../assets/fonts/Feather.ttf"; sourceTree = "<group>"; fileEncoding = undefined; lastKnownFileType = unknown; explicitFileType = undefined; includeInIndex = 0; };
		EBD0D894654B4FE289BCDAE3 /* FontAwesome.ttf */ = {isa = PBXFileReference; name = "FontAwesome.ttf"; path = "../assets/fonts/FontAwesome.ttf"; sourceTree = "<group>"; fileEncoding = undefined; lastKnownFileType = unknown; explicitFileType = undefined; includeInIndex = 0; };
		7FD74197FF344DA2B435877F /* FontAwesome5_Brands.ttf */ = {isa = PBXFileReference; name = "FontAwesome5_Brands.ttf"; path = "../assets/fonts/FontAwesome5_Brands.ttf"; sourceTree = "<group>"; fileEncoding = undefined; lastKnownFileType = unknown; explicitFileType = undefined; includeInIndex = 0; };
		5C96402C8D9E4AC29DB318F6 /* FontAwesome5_Regular.ttf */ = {isa = PBXFileReference; name = "FontAwesome5_Regular.ttf"; path = "../assets/fonts/FontAwesome5_Regular.ttf"; sourceTree = "<group>"; fileEncoding = undefined; lastKnownFileType = unknown; explicitFileType = undefined; includeInIndex = 0; };
		2234F047BCCF44E1AA91C2BC /* FontAwesome5_Solid.ttf */ = {isa = PBXFileReference; name = "FontAwesome5_Solid.ttf"; path = "../assets/fonts/FontAwesome5_Solid.ttf"; sourceTree = "<group>"; fileEncoding = undefined; lastKnownFileType = unknown; explicitFileType = undefined; includeInIndex = 0; };
		778E9A5B65B4470DBB1450B6 /* Fontisto.ttf */ = {isa = PBXFileReference; name = "Fontisto.ttf"; path = "../assets/fonts/Fontisto.ttf"; sourceTree = "<group>"; fileEncoding = undefined; lastKnownFileType = unknown; explicitFileType = undefined; includeInIndex = 0; };
		A7766BADA7B340E584A4E369 /* Foundation.ttf */ = {isa = PBXFileReference; name = "Foundation.ttf"; path = "../assets/fonts/Foundation.ttf"; sourceTree = "<group>"; fileEncoding = undefined; lastKnownFileType = unknown; explicitFileType = undefined; includeInIndex = 0; };
		8825C6764D714E7EBD9B01A6 /* Ionicons.ttf */ = {isa = PBXFileReference; name = "Ionicons.ttf"; path = "../assets/fonts/Ionicons.ttf"; sourceTree = "<group>"; fileEncoding = undefined; lastKnownFileType = unknown; explicitFileType = undefined; includeInIndex = 0; };
		EB82E47723F449FB8FCCB4AA /* MaterialCommunityIcons.ttf */ = {isa = PBXFileReference; name = "MaterialCommunityIcons.ttf"; path = "../assets/fonts/MaterialCommunityIcons.ttf"; sourceTree = "<group>"; fileEncoding = undefined; lastKnownFileType = unknown; explicitFileType = undefined; includeInIndex = 0; };
		A39527A89BC647C99ECF8095 /* MaterialIcons.ttf */ = {isa = PBXFileReference; name = "MaterialIcons.ttf"; path = "../assets/fonts/MaterialIcons.ttf"; sourceTree = "<group>"; fileEncoding = undefined; lastKnownFileType = unknown; explicitFileType = undefined; includeInIndex = 0; };
		A53230C56F9948A9BC99224E /* Octicons.ttf */ = {isa = PBXFileReference; name = "Octicons.ttf"; path = "../assets/fonts/Octicons.ttf"; sourceTree = "<group>"; fileEncoding = undefined; lastKnownFileType = unknown; explicitFileType = undefined; includeInIndex = 0; };
		F5EC0B5306E04272AE3E5C38 /* Roboto-Black.ttf */ = {isa = PBXFileReference; name = "Roboto-Black.ttf"; path = "../assets/fonts/Roboto-Black.ttf"; sourceTree = "<group>"; fileEncoding = undefined; lastKnownFileType = unknown; explicitFileType = undefined; includeInIndex = 0; };
		92AC5D46D13D47D8921AFF24 /* Roboto-BlackItalic.ttf */ = {isa = PBXFileReference; name = "Roboto-BlackItalic.ttf"; path = "../assets/fonts/Roboto-BlackItalic.ttf"; sourceTree = "<group>"; fileEncoding = undefined; lastKnownFileType = unknown; explicitFileType = undefined; includeInIndex = 0; };
		70BAFC98C8CA48008C165A98 /* Roboto-Bold.ttf */ = {isa = PBXFileReference; name = "Roboto-Bold.ttf"; path = "../assets/fonts/Roboto-Bold.ttf"; sourceTree = "<group>"; fileEncoding = undefined; lastKnownFileType = unknown; explicitFileType = undefined; includeInIndex = 0; };
		12E2E89C2FE6440BA1C25156 /* Roboto-BoldItalic.ttf */ = {isa = PBXFileReference; name = "Roboto-BoldItalic.ttf"; path = "../assets/fonts/Roboto-BoldItalic.ttf"; sourceTree = "<group>"; fileEncoding = undefined; lastKnownFileType = unknown; explicitFileType = undefined; includeInIndex = 0; };
		3256DD17773147EA8975029F /* Roboto-Italic.ttf */ = {isa = PBXFileReference; name = "Roboto-Italic.ttf"; path = "../assets/fonts/Roboto-Italic.ttf"; sourceTree = "<group>"; fileEncoding = undefined; lastKnownFileType = unknown; explicitFileType = undefined; includeInIndex = 0; };
		FB5ABB5C9B9140F9AA4B9210 /* Roboto-Light.ttf */ = {isa = PBXFileReference; name = "Roboto-Light.ttf"; path = "../assets/fonts/Roboto-Light.ttf"; sourceTree = "<group>"; fileEncoding = undefined; lastKnownFileType = unknown; explicitFileType = undefined; includeInIndex = 0; };
		E0BA8B4574304A109DAF6D07 /* Roboto-LightItalic.ttf */ = {isa = PBXFileReference; name = "Roboto-LightItalic.ttf"; path = "../assets/fonts/Roboto-LightItalic.ttf"; sourceTree = "<group>"; fileEncoding = undefined; lastKnownFileType = unknown; explicitFileType = undefined; includeInIndex = 0; };
		730DC3574AB1423B801172CC /* Roboto-Medium.ttf */ = {isa = PBXFileReference; name = "Roboto-Medium.ttf"; path = "../assets/fonts/Roboto-Medium.ttf"; sourceTree = "<group>"; fileEncoding = undefined; lastKnownFileType = unknown; explicitFileType = undefined; includeInIndex = 0; };
		943CBB9DE5E042879F22FD66 /* Roboto-MediumItalic.ttf */ = {isa = PBXFileReference; name = "Roboto-MediumItalic.ttf"; path = "../assets/fonts/Roboto-MediumItalic.ttf"; sourceTree = "<group>"; fileEncoding = undefined; lastKnownFileType = unknown; explicitFileType = undefined; includeInIndex = 0; };
		3DB70790B26A4C0C8CA9CED8 /* Roboto-Regular.ttf */ = {isa = PBXFileReference; name = "Roboto-Regular.ttf"; path = "../assets/fonts/Roboto-Regular.ttf"; sourceTree = "<group>"; fileEncoding = undefined; lastKnownFileType = unknown; explicitFileType = undefined; includeInIndex = 0; };
		A5B9D8F571354486BF3A0C22 /* Roboto-Thin.ttf */ = {isa = PBXFileReference; name = "Roboto-Thin.ttf"; path = "../assets/fonts/Roboto-Thin.ttf"; sourceTree = "<group>"; fileEncoding = undefined; lastKnownFileType = unknown; explicitFileType = undefined; includeInIndex = 0; };
		ACAA5BD11BB34E379C0880D4 /* Roboto-ThinItalic.ttf */ = {isa = PBXFileReference; name = "Roboto-ThinItalic.ttf"; path = "../assets/fonts/Roboto-ThinItalic.ttf"; sourceTree = "<group>"; fileEncoding = undefined; lastKnownFileType = unknown; explicitFileType = undefined; includeInIndex = 0; };
		2D699156C4BA4A0D88163D00 /* SimpleLineIcons.ttf */ = {isa = PBXFileReference; name = "SimpleLineIcons.ttf"; path = "../assets/fonts/SimpleLineIcons.ttf"; sourceTree = "<group>"; fileEncoding = undefined; lastKnownFileType = unknown; explicitFileType = undefined; includeInIndex = 0; };
		B37A06258D184EF09BE963EF /* Zocial.ttf */ = {isa = PBXFileReference; name = "Zocial.ttf"; path = "../assets/fonts/Zocial.ttf"; sourceTree = "<group>"; fileEncoding = undefined; lastKnownFileType = unknown; explicitFileType = undefined; includeInIndex = 0; };
		352039E2DB914728B999F8CB /* Kufam-Black.ttf */ = {isa = PBXFileReference; name = "Kufam-Black.ttf"; path = "../assets/fonts/Kufam-Black.ttf"; sourceTree = "<group>"; fileEncoding = undefined; lastKnownFileType = unknown; explicitFileType = undefined; includeInIndex = 0; };
		D895BC18B60A46F8B695DE09 /* Kufam-BlackItalic.ttf */ = {isa = PBXFileReference; name = "Kufam-BlackItalic.ttf"; path = "../assets/fonts/Kufam-BlackItalic.ttf"; sourceTree = "<group>"; fileEncoding = undefined; lastKnownFileType = unknown; explicitFileType = undefined; includeInIndex = 0; };
		07FF884FA29542FAA3AB8AC1 /* Kufam-Bold.ttf */ = {isa = PBXFileReference; name = "Kufam-Bold.ttf"; path = "../assets/fonts/Kufam-Bold.ttf"; sourceTree = "<group>"; fileEncoding = undefined; lastKnownFileType = unknown; explicitFileType = undefined; includeInIndex = 0; };
		B3D81B4357974B8499DB7267 /* Kufam-BoldItalic.ttf */ = {isa = PBXFileReference; name = "Kufam-BoldItalic.ttf"; path = "../assets/fonts/Kufam-BoldItalic.ttf"; sourceTree = "<group>"; fileEncoding = undefined; lastKnownFileType = unknown; explicitFileType = undefined; includeInIndex = 0; };
		63D6F9CE10AC440593BDFD2E /* Kufam-ExtraBold.ttf */ = {isa = PBXFileReference; name = "Kufam-ExtraBold.ttf"; path = "../assets/fonts/Kufam-ExtraBold.ttf"; sourceTree = "<group>"; fileEncoding = undefined; lastKnownFileType = unknown; explicitFileType = undefined; includeInIndex = 0; };
		7BA5DE46F1A74753B9F2F2C8 /* Kufam-ExtraBoldItalic.ttf */ = {isa = PBXFileReference; name = "Kufam-ExtraBoldItalic.ttf"; path = "../assets/fonts/Kufam-ExtraBoldItalic.ttf"; sourceTree = "<group>"; fileEncoding = undefined; lastKnownFileType = unknown; explicitFileType = undefined; includeInIndex = 0; };
		EAEFFFB5656E4225B7716999 /* Kufam-Italic-VariableFont_wght.ttf */ = {isa = PBXFileReference; name = "Kufam-Italic-VariableFont_wght.ttf"; path = "../assets/fonts/Kufam-Italic-VariableFont_wght.ttf"; sourceTree = "<group>"; fileEncoding = undefined; lastKnownFileType = unknown; explicitFileType = undefined; includeInIndex = 0; };
		A079B0F3340143BCB2FC036C /* Kufam-Italic.ttf */ = {isa = PBXFileReference; name = "Kufam-Italic.ttf"; path = "../assets/fonts/Kufam-Italic.ttf"; sourceTree = "<group>"; fileEncoding = undefined; lastKnownFileType = unknown; explicitFileType = undefined; includeInIndex = 0; };
		43A2DEBAE18C4A0E8B4F642B /* Kufam-Medium.ttf */ = {isa = PBXFileReference; name = "Kufam-Medium.ttf"; path = "../assets/fonts/Kufam-Medium.ttf"; sourceTree = "<group>"; fileEncoding = undefined; lastKnownFileType = unknown; explicitFileType = undefined; includeInIndex = 0; };
		41083764ADD449B3963DF98F /* Kufam-MediumItalic.ttf */ = {isa = PBXFileReference; name = "Kufam-MediumItalic.ttf"; path = "../assets/fonts/Kufam-MediumItalic.ttf"; sourceTree = "<group>"; fileEncoding = undefined; lastKnownFileType = unknown; explicitFileType = undefined; includeInIndex = 0; };
		3551869CD5154F6FBAE92945 /* Kufam-Regular.ttf */ = {isa = PBXFileReference; name = "Kufam-Regular.ttf"; path = "../assets/fonts/Kufam-Regular.ttf"; sourceTree = "<group>"; fileEncoding = undefined; lastKnownFileType = unknown; explicitFileType = undefined; includeInIndex = 0; };
		4D6B45756B05499CAACCD8B2 /* Kufam-SemiBold.ttf */ = {isa = PBXFileReference; name = "Kufam-SemiBold.ttf"; path = "../assets/fonts/Kufam-SemiBold.ttf"; sourceTree = "<group>"; fileEncoding = undefined; lastKnownFileType = unknown; explicitFileType = undefined; includeInIndex = 0; };
		03438C4BDE4C45C8BF12E2EA /* Kufam-SemiBoldItalic.ttf */ = {isa = PBXFileReference; name = "Kufam-SemiBoldItalic.ttf"; path = "../assets/fonts/Kufam-SemiBoldItalic.ttf"; sourceTree = "<group>"; fileEncoding = undefined; lastKnownFileType = unknown; explicitFileType = undefined; includeInIndex = 0; };
		BB82D6AAB9F541D0B90F2B90 /* Kufam-VariableFont_wght.ttf */ = {isa = PBXFileReference; name = "Kufam-VariableFont_wght.ttf"; path = "../assets/fonts/Kufam-VariableFont_wght.ttf"; sourceTree = "<group>"; fileEncoding = undefined; lastKnownFileType = unknown; explicitFileType = undefined; includeInIndex = 0; };
		B8E879CDB68F44B79CE68CD3 /* Poppins-Black.ttf */ = {isa = PBXFileReference; name = "Poppins-Black.ttf"; path = "../assets/fonts/Poppins-Black.ttf"; sourceTree = "<group>"; fileEncoding = undefined; lastKnownFileType = unknown; explicitFileType = undefined; includeInIndex = 0; };
		DE37242B74D64BF09D2B6F94 /* Poppins-BlackItalic.ttf */ = {isa = PBXFileReference; name = "Poppins-BlackItalic.ttf"; path = "../assets/fonts/Poppins-BlackItalic.ttf"; sourceTree = "<group>"; fileEncoding = undefined; lastKnownFileType = unknown; explicitFileType = undefined; includeInIndex = 0; };
		818D0CC0DC91416C8C28B7E4 /* Poppins-Bold.ttf */ = {isa = PBXFileReference; name = "Poppins-Bold.ttf"; path = "../assets/fonts/Poppins-Bold.ttf"; sourceTree = "<group>"; fileEncoding = undefined; lastKnownFileType = unknown; explicitFileType = undefined; includeInIndex = 0; };
		AFEAA696881C40019F848DF0 /* Poppins-BoldItalic.ttf */ = {isa = PBXFileReference; name = "Poppins-BoldItalic.ttf"; path = "../assets/fonts/Poppins-BoldItalic.ttf"; sourceTree = "<group>"; fileEncoding = undefined; lastKnownFileType = unknown; explicitFileType = undefined; includeInIndex = 0; };
		E5CC56F59E2D424087B62A8D /* Poppins-ExtraBold.ttf */ = {isa = PBXFileReference; name = "Poppins-ExtraBold.ttf"; path = "../assets/fonts/Poppins-ExtraBold.ttf"; sourceTree = "<group>"; fileEncoding = undefined; lastKnownFileType = unknown; explicitFileType = undefined; includeInIndex = 0; };
		5E1259C9119349DEB953E97F /* Poppins-ExtraBoldItalic.ttf */ = {isa = PBXFileReference; name = "Poppins-ExtraBoldItalic.ttf"; path = "../assets/fonts/Poppins-ExtraBoldItalic.ttf"; sourceTree = "<group>"; fileEncoding = undefined; lastKnownFileType = unknown; explicitFileType = undefined; includeInIndex = 0; };
		D300EAECF6E243ACA63B5C87 /* Poppins-ExtraLight.ttf */ = {isa = PBXFileReference; name = "Poppins-ExtraLight.ttf"; path = "../assets/fonts/Poppins-ExtraLight.ttf"; sourceTree = "<group>"; fileEncoding = undefined; lastKnownFileType = unknown; explicitFileType = undefined; includeInIndex = 0; };
		4B90445750C641708564ED04 /* Poppins-ExtraLightItalic.ttf */ = {isa = PBXFileReference; name = "Poppins-ExtraLightItalic.ttf"; path = "../assets/fonts/Poppins-ExtraLightItalic.ttf"; sourceTree = "<group>"; fileEncoding = undefined; lastKnownFileType = unknown; explicitFileType = undefined; includeInIndex = 0; };
		13FB4D80BDFB422588D61B59 /* Poppins-Italic.ttf */ = {isa = PBXFileReference; name = "Poppins-Italic.ttf"; path = "../assets/fonts/Poppins-Italic.ttf"; sourceTree = "<group>"; fileEncoding = undefined; lastKnownFileType = unknown; explicitFileType = undefined; includeInIndex = 0; };
		19CF60C75BA7463296B6A826 /* Poppins-Light.ttf */ = {isa = PBXFileReference; name = "Poppins-Light.ttf"; path = "../assets/fonts/Poppins-Light.ttf"; sourceTree = "<group>"; fileEncoding = undefined; lastKnownFileType = unknown; explicitFileType = undefined; includeInIndex = 0; };
		E1B7BE4149B34837A0E26DDE /* Poppins-LightItalic.ttf */ = {isa = PBXFileReference; name = "Poppins-LightItalic.ttf"; path = "../assets/fonts/Poppins-LightItalic.ttf"; sourceTree = "<group>"; fileEncoding = undefined; lastKnownFileType = unknown; explicitFileType = undefined; includeInIndex = 0; };
		FC5CC5B0D6964DC2AD70ADE7 /* Poppins-Medium.ttf */ = {isa = PBXFileReference; name = "Poppins-Medium.ttf"; path = "../assets/fonts/Poppins-Medium.ttf"; sourceTree = "<group>"; fileEncoding = undefined; lastKnownFileType = unknown; explicitFileType = undefined; includeInIndex = 0; };
		643755C1BF2341B09D87A184 /* Poppins-MediumItalic.ttf */ = {isa = PBXFileReference; name = "Poppins-MediumItalic.ttf"; path = "../assets/fonts/Poppins-MediumItalic.ttf"; sourceTree = "<group>"; fileEncoding = undefined; lastKnownFileType = unknown; explicitFileType = undefined; includeInIndex = 0; };
		DBA6199E481349A7B05D1FFF /* Poppins-Regular.ttf */ = {isa = PBXFileReference; name = "Poppins-Regular.ttf"; path = "../assets/fonts/Poppins-Regular.ttf"; sourceTree = "<group>"; fileEncoding = undefined; lastKnownFileType = unknown; explicitFileType = undefined; includeInIndex = 0; };
		92066212E27443A1AE0C25CD /* Poppins-SemiBold.ttf */ = {isa = PBXFileReference; name = "Poppins-SemiBold.ttf"; path = "../assets/fonts/Poppins-SemiBold.ttf"; sourceTree = "<group>"; fileEncoding = undefined; lastKnownFileType = unknown; explicitFileType = undefined; includeInIndex = 0; };
		D4B5EF0DBEED4DCDA7790E2B /* Poppins-SemiBoldItalic.ttf */ = {isa = PBXFileReference; name = "Poppins-SemiBoldItalic.ttf"; path = "../assets/fonts/Poppins-SemiBoldItalic.ttf"; sourceTree = "<group>"; fileEncoding = undefined; lastKnownFileType = unknown; explicitFileType = undefined; includeInIndex = 0; };
		28378F30F6114C5EB513FE94 /* Poppins-Thin.ttf */ = {isa = PBXFileReference; name = "Poppins-Thin.ttf"; path = "../assets/fonts/Poppins-Thin.ttf"; sourceTree = "<group>"; fileEncoding = undefined; lastKnownFileType = unknown; explicitFileType = undefined; includeInIndex = 0; };
		60779BE32AB44726A2222840 /* Poppins-ThinItalic.ttf */ = {isa = PBXFileReference; name = "Poppins-ThinItalic.ttf"; path = "../assets/fonts/Poppins-ThinItalic.ttf"; sourceTree = "<group>"; fileEncoding = undefined; lastKnownFileType = unknown; explicitFileType = undefined; includeInIndex = 0; };
/* End PBXFileReference section */

/* Begin PBXFrameworksBuildPhase section */
		00E356EB1AD99517003FC87E /* Frameworks */ = {
			isa = PBXFrameworksBuildPhase;
			buildActionMask = 2147483647;
			files = (
			);
			runOnlyForDeploymentPostprocessing = 0;
		};
		13B07F8C1A680F5B00A75B9A /* Frameworks */ = {
			isa = PBXFrameworksBuildPhase;
			buildActionMask = 2147483647;
			files = (
			);
			runOnlyForDeploymentPostprocessing = 0;
		};
/* End PBXFrameworksBuildPhase section */

/* Begin PBXGroup section */
		00E356EF1AD99517003FC87E /* AwesomeProjectTests */ = {
			isa = PBXGroup;
			children = (
				00E356F21AD99517003FC87E /* AwesomeProjectTests.m */,
				00E356F01AD99517003FC87E /* Supporting Files */,
			);
			path = AwesomeProjectTests;
			sourceTree = "<group>";
		};
		00E356F01AD99517003FC87E /* Supporting Files */ = {
			isa = PBXGroup;
			children = (
				00E356F11AD99517003FC87E /* Info.plist */,
			);
			name = "Supporting Files";
			sourceTree = "<group>";
		};
		13B07FAE1A68108700A75B9A /* AwesomeProject */ = {
			isa = PBXGroup;
			children = (
				13B07FAF1A68108700A75B9A /* AppDelegate.h */,
				13B07FB01A68108700A75B9A /* AppDelegate.m */,
				13B07FB51A68108700A75B9A /* Images.xcassets */,
				13B07FB61A68108700A75B9A /* Info.plist */,
				81AB9BB72411601600AC10FF /* LaunchScreen.storyboard */,
				13B07FB71A68108700A75B9A /* main.m */,
			);
			name = AwesomeProject;
			sourceTree = "<group>";
		};
		2D16E6871FA4F8E400B85C8A /* Frameworks */ = {
			isa = PBXGroup;
			children = (
				ED297162215061F000B7C4FE /* JavaScriptCore.framework */,
			);
			name = Frameworks;
			sourceTree = "<group>";
		};
		832341AE1AAA6A7D00B99B32 /* Libraries */ = {
			isa = PBXGroup;
			children = (
			);
			name = Libraries;
			sourceTree = "<group>";
		};
		83CBB9F61A601CBA00E9B192 = {
			isa = PBXGroup;
			children = (
				13B07FAE1A68108700A75B9A /* AwesomeProject */,
				832341AE1AAA6A7D00B99B32 /* Libraries */,
				00E356EF1AD99517003FC87E /* AwesomeProjectTests */,
				83CBBA001A601CBA00E9B192 /* Products */,
				2D16E6871FA4F8E400B85C8A /* Frameworks */,
				F3F9446EB276494DADA360CD /* Resources */,
			);
			indentWidth = 2;
			sourceTree = "<group>";
			tabWidth = 2;
			usesTabs = 0;
		};
		83CBBA001A601CBA00E9B192 /* Products */ = {
			isa = PBXGroup;
			children = (
				13B07F961A680F5B00A75B9A /* AwesomeProject.app */,
				00E356EE1AD99517003FC87E /* AwesomeProjectTests.xctest */,
			);
			name = Products;
			sourceTree = "<group>";
		};
		F3F9446EB276494DADA360CD /* Resources */ = {
			isa = "PBXGroup";
			children = (
				30E7403762164186B0CC637C /* OpenSans-Bold.ttf */,
				9BA5F9D58DD44723BCA49336 /* OpenSans-BoldItalic.ttf */,
				8B83A2C1D5674EFB87749456 /* OpenSans-ExtraBold.ttf */,
				635EC8D7C8054A588C36AC6F /* OpenSans-ExtraBoldItalic.ttf */,
				67B09964B57A4F968F6B4BE1 /* OpenSans-Italic.ttf */,
				3F11F3AE6D904F81A5949B3D /* OpenSans-Light.ttf */,
				73BEDAC1C04748AFA0635873 /* OpenSans-LightItalic.ttf */,
				0DC9E9DDED42439CAA4979CC /* OpenSans-Regular.ttf */,
				CAADF657929D4C19A7589F0D /* OpenSans-SemiBold.ttf */,
				2E17CEAC9BA6417E9516E87D /* OpenSans-SemiBoldItalic.ttf */,
				D922E53BFE6746AF8A459382 /* AntDesign.ttf */,
				FAEEF8B411524FB2B1F51BC2 /* Entypo.ttf */,
				6C9ACB8A7CCF4E19A78D3983 /* EvilIcons.ttf */,
				52109A876AE149FCA84A1DF9 /* Feather.ttf */,
				EBD0D894654B4FE289BCDAE3 /* FontAwesome.ttf */,
				7FD74197FF344DA2B435877F /* FontAwesome5_Brands.ttf */,
				5C96402C8D9E4AC29DB318F6 /* FontAwesome5_Regular.ttf */,
				2234F047BCCF44E1AA91C2BC /* FontAwesome5_Solid.ttf */,
				778E9A5B65B4470DBB1450B6 /* Fontisto.ttf */,
				A7766BADA7B340E584A4E369 /* Foundation.ttf */,
				8825C6764D714E7EBD9B01A6 /* Ionicons.ttf */,
				EB82E47723F449FB8FCCB4AA /* MaterialCommunityIcons.ttf */,
				A39527A89BC647C99ECF8095 /* MaterialIcons.ttf */,
				A53230C56F9948A9BC99224E /* Octicons.ttf */,
				F5EC0B5306E04272AE3E5C38 /* Roboto-Black.ttf */,
				92AC5D46D13D47D8921AFF24 /* Roboto-BlackItalic.ttf */,
				70BAFC98C8CA48008C165A98 /* Roboto-Bold.ttf */,
				12E2E89C2FE6440BA1C25156 /* Roboto-BoldItalic.ttf */,
				3256DD17773147EA8975029F /* Roboto-Italic.ttf */,
				FB5ABB5C9B9140F9AA4B9210 /* Roboto-Light.ttf */,
				E0BA8B4574304A109DAF6D07 /* Roboto-LightItalic.ttf */,
				730DC3574AB1423B801172CC /* Roboto-Medium.ttf */,
				943CBB9DE5E042879F22FD66 /* Roboto-MediumItalic.ttf */,
				3DB70790B26A4C0C8CA9CED8 /* Roboto-Regular.ttf */,
				A5B9D8F571354486BF3A0C22 /* Roboto-Thin.ttf */,
				ACAA5BD11BB34E379C0880D4 /* Roboto-ThinItalic.ttf */,
				2D699156C4BA4A0D88163D00 /* SimpleLineIcons.ttf */,
				B37A06258D184EF09BE963EF /* Zocial.ttf */,
				352039E2DB914728B999F8CB /* Kufam-Black.ttf */,
				D895BC18B60A46F8B695DE09 /* Kufam-BlackItalic.ttf */,
				07FF884FA29542FAA3AB8AC1 /* Kufam-Bold.ttf */,
				B3D81B4357974B8499DB7267 /* Kufam-BoldItalic.ttf */,
				63D6F9CE10AC440593BDFD2E /* Kufam-ExtraBold.ttf */,
				7BA5DE46F1A74753B9F2F2C8 /* Kufam-ExtraBoldItalic.ttf */,
				EAEFFFB5656E4225B7716999 /* Kufam-Italic-VariableFont_wght.ttf */,
				A079B0F3340143BCB2FC036C /* Kufam-Italic.ttf */,
				43A2DEBAE18C4A0E8B4F642B /* Kufam-Medium.ttf */,
				41083764ADD449B3963DF98F /* Kufam-MediumItalic.ttf */,
				3551869CD5154F6FBAE92945 /* Kufam-Regular.ttf */,
				4D6B45756B05499CAACCD8B2 /* Kufam-SemiBold.ttf */,
				03438C4BDE4C45C8BF12E2EA /* Kufam-SemiBoldItalic.ttf */,
				BB82D6AAB9F541D0B90F2B90 /* Kufam-VariableFont_wght.ttf */,
				B8E879CDB68F44B79CE68CD3 /* Poppins-Black.ttf */,
				DE37242B74D64BF09D2B6F94 /* Poppins-BlackItalic.ttf */,
				818D0CC0DC91416C8C28B7E4 /* Poppins-Bold.ttf */,
				AFEAA696881C40019F848DF0 /* Poppins-BoldItalic.ttf */,
				E5CC56F59E2D424087B62A8D /* Poppins-ExtraBold.ttf */,
				5E1259C9119349DEB953E97F /* Poppins-ExtraBoldItalic.ttf */,
				D300EAECF6E243ACA63B5C87 /* Poppins-ExtraLight.ttf */,
				4B90445750C641708564ED04 /* Poppins-ExtraLightItalic.ttf */,
				13FB4D80BDFB422588D61B59 /* Poppins-Italic.ttf */,
				19CF60C75BA7463296B6A826 /* Poppins-Light.ttf */,
				E1B7BE4149B34837A0E26DDE /* Poppins-LightItalic.ttf */,
				FC5CC5B0D6964DC2AD70ADE7 /* Poppins-Medium.ttf */,
				643755C1BF2341B09D87A184 /* Poppins-MediumItalic.ttf */,
				DBA6199E481349A7B05D1FFF /* Poppins-Regular.ttf */,
				92066212E27443A1AE0C25CD /* Poppins-SemiBold.ttf */,
				D4B5EF0DBEED4DCDA7790E2B /* Poppins-SemiBoldItalic.ttf */,
				28378F30F6114C5EB513FE94 /* Poppins-Thin.ttf */,
				60779BE32AB44726A2222840 /* Poppins-ThinItalic.ttf */,
			);
			name = Resources;
			sourceTree = "<group>";
			path = "";
		};
/* End PBXGroup section */

/* Begin PBXNativeTarget section */
		00E356ED1AD99517003FC87E /* AwesomeProjectTests */ = {
			isa = PBXNativeTarget;
			buildConfigurationList = 00E357021AD99517003FC87E /* Build configuration list for PBXNativeTarget "AwesomeProjectTests" */;
			buildPhases = (
				00E356EA1AD99517003FC87E /* Sources */,
				00E356EB1AD99517003FC87E /* Frameworks */,
				00E356EC1AD99517003FC87E /* Resources */,
			);
			buildRules = (
			);
			dependencies = (
				00E356F51AD99517003FC87E /* PBXTargetDependency */,
			);
			name = AwesomeProjectTests;
			productName = AwesomeProjectTests;
			productReference = 00E356EE1AD99517003FC87E /* AwesomeProjectTests.xctest */;
			productType = "com.apple.product-type.bundle.unit-test";
		};
		13B07F861A680F5B00A75B9A /* AwesomeProject */ = {
			isa = PBXNativeTarget;
			buildConfigurationList = 13B07F931A680F5B00A75B9A /* Build configuration list for PBXNativeTarget "AwesomeProject" */;
			buildPhases = (
				FD10A7F022414F080027D42C /* Start Packager */,
				13B07F871A680F5B00A75B9A /* Sources */,
				13B07F8C1A680F5B00A75B9A /* Frameworks */,
				13B07F8E1A680F5B00A75B9A /* Resources */,
				00DD1BFF1BD5951E006B06BC /* Bundle React Native code and images */,
			);
			buildRules = (
			);
			dependencies = (
			);
			name = AwesomeProject;
			productName = AwesomeProject;
			productReference = 13B07F961A680F5B00A75B9A /* AwesomeProject.app */;
			productType = "com.apple.product-type.application";
		};
/* End PBXNativeTarget section */

/* Begin PBXProject section */
		83CBB9F71A601CBA00E9B192 /* Project object */ = {
			isa = PBXProject;
			attributes = {
				LastUpgradeCheck = 1210;
				TargetAttributes = {
					00E356ED1AD99517003FC87E = {
						CreatedOnToolsVersion = 6.2;
						TestTargetID = 13B07F861A680F5B00A75B9A;
					};
					13B07F861A680F5B00A75B9A = {
						LastSwiftMigration = 1120;
					};
				};
			};
			buildConfigurationList = 83CBB9FA1A601CBA00E9B192 /* Build configuration list for PBXProject "AwesomeProject" */;
			compatibilityVersion = "Xcode 12.0";
			developmentRegion = en;
			hasScannedForEncodings = 0;
			knownRegions = (
				en,
				Base,
			);
			mainGroup = 83CBB9F61A601CBA00E9B192;
			productRefGroup = 83CBBA001A601CBA00E9B192 /* Products */;
			projectDirPath = "";
			projectRoot = "";
			targets = (
				13B07F861A680F5B00A75B9A /* AwesomeProject */,
				00E356ED1AD99517003FC87E /* AwesomeProjectTests */,
			);
		};
/* End PBXProject section */

/* Begin PBXResourcesBuildPhase section */
		00E356EC1AD99517003FC87E /* Resources */ = {
			isa = PBXResourcesBuildPhase;
			buildActionMask = 2147483647;
			files = (
			);
			runOnlyForDeploymentPostprocessing = 0;
		};
		13B07F8E1A680F5B00A75B9A /* Resources */ = {
			isa = PBXResourcesBuildPhase;
			buildActionMask = 2147483647;
			files = (
				81AB9BB82411601600AC10FF /* LaunchScreen.storyboard in Resources */,
				13B07FBF1A68108700A75B9A /* Images.xcassets in Resources */,
				7A407F78F5FB40F19E6235F5 /* OpenSans-Bold.ttf in Resources */,
				0360B1968CDB46BCB35A17F1 /* OpenSans-BoldItalic.ttf in Resources */,
				A3B3BA50DCF24215A41A1770 /* OpenSans-ExtraBold.ttf in Resources */,
				0E69389D944543009C87AB62 /* OpenSans-ExtraBoldItalic.ttf in Resources */,
				623C7E7906914F6DA68D6590 /* OpenSans-Italic.ttf in Resources */,
				1B4C82B189EF481CB5822938 /* OpenSans-Light.ttf in Resources */,
				23B1B5D2553448DF8CC7B89A /* OpenSans-LightItalic.ttf in Resources */,
				CEF402833E9C44C29297323A /* OpenSans-Regular.ttf in Resources */,
				7DA9BDF3191B4439B4697D0D /* OpenSans-SemiBold.ttf in Resources */,
				F7A9C66AC6FD4A09AA24C1EA /* OpenSans-SemiBoldItalic.ttf in Resources */,
				5317CE0966204CD998A54C1F /* AntDesign.ttf in Resources */,
				879C35CCB9FF4642995C6441 /* Entypo.ttf in Resources */,
				4532F2B0DA8E40CEBF5A0C2D /* EvilIcons.ttf in Resources */,
				2FB275C7A7BC433A9458890D /* Feather.ttf in Resources */,
				D2A98795B1B943FBA3E8269E /* FontAwesome.ttf in Resources */,
				88F4655A9FC741E6929B1AC5 /* FontAwesome5_Brands.ttf in Resources */,
				523A2EEE2BD64E09B7B8A64A /* FontAwesome5_Regular.ttf in Resources */,
				0ACFD3A7E5A64EDAA8D9EDFC /* FontAwesome5_Solid.ttf in Resources */,
				C6FD33DECFEA4999A3D01B64 /* Fontisto.ttf in Resources */,
				A57710AB493C49FE8A4997BB /* Foundation.ttf in Resources */,
				E5DD644880C340729DEE0F1F /* Ionicons.ttf in Resources */,
				11FE831FDE3B41319AB46D7F /* MaterialCommunityIcons.ttf in Resources */,
				07FDFA2EC30F44918818F358 /* MaterialIcons.ttf in Resources */,
				189556FBAAA4428D835921B2 /* Octicons.ttf in Resources */,
				5810E7BB4F3E440184E9FF44 /* Roboto-Black.ttf in Resources */,
				47A0478F17FF4C92BD866216 /* Roboto-BlackItalic.ttf in Resources */,
				645AD9BCBBB14EF0B441EA7F /* Roboto-Bold.ttf in Resources */,
				8E4156F3ADA94421BD27E57D /* Roboto-BoldItalic.ttf in Resources */,
				2DFC0E3E35B44A00970DABD7 /* Roboto-Italic.ttf in Resources */,
				99F10077ADAB4F55952E3DC5 /* Roboto-Light.ttf in Resources */,
				E466E72C333D43CB800B877C /* Roboto-LightItalic.ttf in Resources */,
				A85F6B2F353F4EF3B7AC5481 /* Roboto-Medium.ttf in Resources */,
				5FB6122D3ABC4416AE793E5A /* Roboto-MediumItalic.ttf in Resources */,
				1748B5FA38D24D888775B29F /* Roboto-Regular.ttf in Resources */,
				BD92920E14C1454697F472A5 /* Roboto-Thin.ttf in Resources */,
				4F56E34C2C894CBD843291FE /* Roboto-ThinItalic.ttf in Resources */,
				8597BA417C914BAF9682756F /* SimpleLineIcons.ttf in Resources */,
				E4A0E1F2F2424E68B6DB4160 /* Zocial.ttf in Resources */,
				C102F2C57C2E4628916A1C54 /* Kufam-Black.ttf in Resources */,
				BBC5E6EE0BDC4C968C9B21B5 /* Kufam-BlackItalic.ttf in Resources */,
				8A69211EBA5D4741A0FCB809 /* Kufam-Bold.ttf in Resources */,
				36EED60B86304B6EADD4ECC3 /* Kufam-BoldItalic.ttf in Resources */,
				DF38B762C323412A9435C84F /* Kufam-ExtraBold.ttf in Resources */,
				E6F079A5247A4CE58FAAD9EB /* Kufam-ExtraBoldItalic.ttf in Resources */,
				C1C4BE00C74C4F29899C3A35 /* Kufam-Italic-VariableFont_wght.ttf in Resources */,
				B409CD79B2614D3AA5F17DDC /* Kufam-Italic.ttf in Resources */,
				458CF416834547579DF909DF /* Kufam-Medium.ttf in Resources */,
				B22AF15B55094D159849BEDD /* Kufam-MediumItalic.ttf in Resources */,
				361404A4C98F4A36BD0D50F1 /* Kufam-Regular.ttf in Resources */,
				0AFEDC336BBF4E4295976E78 /* Kufam-SemiBold.ttf in Resources */,
				945B17C01C99410CA5884B40 /* Kufam-SemiBoldItalic.ttf in Resources */,
				94DE56B8E2FB4C5CA333A691 /* Kufam-VariableFont_wght.ttf in Resources */,
				224F85B0D9054DDA84A09167 /* Poppins-Black.ttf in Resources */,
				D4A9B7B2BE124AB9AE8C4A1A /* Poppins-BlackItalic.ttf in Resources */,
				15AAE94CAD97405A8B7A5A1D /* Poppins-Bold.ttf in Resources */,
				30066E41AE6B4D5FAF4F340E /* Poppins-BoldItalic.ttf in Resources */,
				00C1AC014C5F4C488200AAC6 /* Poppins-ExtraBold.ttf in Resources */,
				3929A944E101478A97E5661A /* Poppins-ExtraBoldItalic.ttf in Resources */,
				E9A34F2A294C45FEA9A82EE1 /* Poppins-ExtraLight.ttf in Resources */,
				61A1AF58B8B74805B4A4C352 /* Poppins-ExtraLightItalic.ttf in Resources */,
				7B9BE529DE3E4DA2920B5019 /* Poppins-Italic.ttf in Resources */,
				42CFD0ECDCFA4707A15368EB /* Poppins-Light.ttf in Resources */,
				B03D8C46386D42389A8FE7D0 /* Poppins-LightItalic.ttf in Resources */,
				03F0D989212148E891D3130B /* Poppins-Medium.ttf in Resources */,
				A3452F38E2764210AF9EB9C5 /* Poppins-MediumItalic.ttf in Resources */,
				6AF96E63AF024FA3BFE60DBB /* Poppins-Regular.ttf in Resources */,
				071DDD8B22C54168BC917D75 /* Poppins-SemiBold.ttf in Resources */,
				0D1FDEA2A59247DE93D0AFCB /* Poppins-SemiBoldItalic.ttf in Resources */,
				01E8185A1DF44865B800CBD0 /* Poppins-Thin.ttf in Resources */,
				435CADD1291241C1899C72F4 /* Poppins-ThinItalic.ttf in Resources */,
			);
			runOnlyForDeploymentPostprocessing = 0;
		};
/* End PBXResourcesBuildPhase section */

/* Begin PBXShellScriptBuildPhase section */
		00DD1BFF1BD5951E006B06BC /* Bundle React Native code and images */ = {
			isa = PBXShellScriptBuildPhase;
			buildActionMask = 2147483647;
			files = (
			);
			inputPaths = (
			);
			name = "Bundle React Native code and images";
			outputPaths = (
			);
			runOnlyForDeploymentPostprocessing = 0;
			shellPath = /bin/sh;
			shellScript = "set -e\n\nexport NODE_BINARY=node\n../node_modules/react-native/scripts/react-native-xcode.sh\n";
		};
		FD10A7F022414F080027D42C /* Start Packager */ = {
			isa = PBXShellScriptBuildPhase;
			buildActionMask = 2147483647;
			files = (
			);
			inputFileListPaths = (
			);
			inputPaths = (
			);
			name = "Start Packager";
			outputFileListPaths = (
			);
			outputPaths = (
			);
			runOnlyForDeploymentPostprocessing = 0;
			shellPath = /bin/sh;
			shellScript = "export RCT_METRO_PORT=\"${RCT_METRO_PORT:=8081}\"\necho \"export RCT_METRO_PORT=${RCT_METRO_PORT}\" > \"${SRCROOT}/../node_modules/react-native/scripts/.packager.env\"\nif [ -z \"${RCT_NO_LAUNCH_PACKAGER+xxx}\" ] ; then\n  if nc -w 5 -z localhost ${RCT_METRO_PORT} ; then\n    if ! curl -s \"http://localhost:${RCT_METRO_PORT}/status\" | grep -q \"packager-status:running\" ; then\n      echo \"Port ${RCT_METRO_PORT} already in use, packager is either not running or not running correctly\"\n      exit 2\n    fi\n  else\n    open \"$SRCROOT/../node_modules/react-native/scripts/launchPackager.command\" || echo \"Can't start packager automatically\"\n  fi\nfi\n";
			showEnvVarsInLog = 0;
		};
/* End PBXShellScriptBuildPhase section */

/* Begin PBXSourcesBuildPhase section */
		00E356EA1AD99517003FC87E /* Sources */ = {
			isa = PBXSourcesBuildPhase;
			buildActionMask = 2147483647;
			files = (
				00E356F31AD99517003FC87E /* AwesomeProjectTests.m in Sources */,
			);
			runOnlyForDeploymentPostprocessing = 0;
		};
		13B07F871A680F5B00A75B9A /* Sources */ = {
			isa = PBXSourcesBuildPhase;
			buildActionMask = 2147483647;
			files = (
				13B07FBC1A68108700A75B9A /* AppDelegate.m in Sources */,
				13B07FC11A68108700A75B9A /* main.m in Sources */,
			);
			runOnlyForDeploymentPostprocessing = 0;
		};
/* End PBXSourcesBuildPhase section */

/* Begin PBXTargetDependency section */
		00E356F51AD99517003FC87E /* PBXTargetDependency */ = {
			isa = PBXTargetDependency;
			target = 13B07F861A680F5B00A75B9A /* AwesomeProject */;
			targetProxy = 00E356F41AD99517003FC87E /* PBXContainerItemProxy */;
		};
/* End PBXTargetDependency section */

/* Begin XCBuildConfiguration section */
		00E356F61AD99517003FC87E /* Debug */ = {
			isa = XCBuildConfiguration;
			buildSettings = {
				BUNDLE_LOADER = "$(TEST_HOST)";
				GCC_PREPROCESSOR_DEFINITIONS = (
					"DEBUG=1",
					"$(inherited)",
				);
				INFOPLIST_FILE = AwesomeProjectTests/Info.plist;
				IPHONEOS_DEPLOYMENT_TARGET = 10.0;
				LD_RUNPATH_SEARCH_PATHS = (
					"$(inherited)",
					"@executable_path/Frameworks",
					"@loader_path/Frameworks",
				);
				OTHER_LDFLAGS = (
					"-ObjC",
					"-lc++",
					"$(inherited)",
				);
				PRODUCT_BUNDLE_IDENTIFIER = "org.reactjs.native.example.$(PRODUCT_NAME:rfc1034identifier)";
				PRODUCT_NAME = "$(TARGET_NAME)";
				TEST_HOST = "$(BUILT_PRODUCTS_DIR)/AwesomeProject.app/AwesomeProject";
			};
			name = Debug;
		};
		00E356F71AD99517003FC87E /* Release */ = {
			isa = XCBuildConfiguration;
			buildSettings = {
				BUNDLE_LOADER = "$(TEST_HOST)";
				COPY_PHASE_STRIP = NO;
				INFOPLIST_FILE = AwesomeProjectTests/Info.plist;
				IPHONEOS_DEPLOYMENT_TARGET = 10.0;
				LD_RUNPATH_SEARCH_PATHS = (
					"$(inherited)",
					"@executable_path/Frameworks",
					"@loader_path/Frameworks",
				);
				OTHER_LDFLAGS = (
					"-ObjC",
					"-lc++",
					"$(inherited)",
				);
				PRODUCT_BUNDLE_IDENTIFIER = "org.reactjs.native.example.$(PRODUCT_NAME:rfc1034identifier)";
				PRODUCT_NAME = "$(TARGET_NAME)";
				TEST_HOST = "$(BUILT_PRODUCTS_DIR)/AwesomeProject.app/AwesomeProject";
			};
			name = Release;
		};
		13B07F941A680F5B00A75B9A /* Debug */ = {
			isa = XCBuildConfiguration;
			buildSettings = {
				ASSETCATALOG_COMPILER_APPICON_NAME = AppIcon;
				CLANG_ENABLE_MODULES = YES;
				CURRENT_PROJECT_VERSION = 1;
				ENABLE_BITCODE = NO;
				INFOPLIST_FILE = AwesomeProject/Info.plist;
				LD_RUNPATH_SEARCH_PATHS = (
					"$(inherited)",
					"@executable_path/Frameworks",
				);
				OTHER_LDFLAGS = (
					"$(inherited)",
					"-ObjC",
					"-lc++",
				);
				PRODUCT_BUNDLE_IDENTIFIER = "org.reactjs.native.example.$(PRODUCT_NAME:rfc1034identifier)";
				PRODUCT_NAME = AwesomeProject;
				SWIFT_OPTIMIZATION_LEVEL = "-Onone";
				SWIFT_VERSION = 5.0;
				VERSIONING_SYSTEM = "apple-generic";
			};
			name = Debug;
		};
		13B07F951A680F5B00A75B9A /* Release */ = {
			isa = XCBuildConfiguration;
			buildSettings = {
				ASSETCATALOG_COMPILER_APPICON_NAME = AppIcon;
				CLANG_ENABLE_MODULES = YES;
				CURRENT_PROJECT_VERSION = 1;
				INFOPLIST_FILE = AwesomeProject/Info.plist;
				LD_RUNPATH_SEARCH_PATHS = (
					"$(inherited)",
					"@executable_path/Frameworks",
				);
				OTHER_LDFLAGS = (
					"$(inherited)",
					"-ObjC",
					"-lc++",
				);
				PRODUCT_BUNDLE_IDENTIFIER = "org.reactjs.native.example.$(PRODUCT_NAME:rfc1034identifier)";
				PRODUCT_NAME = AwesomeProject;
				SWIFT_VERSION = 5.0;
				VERSIONING_SYSTEM = "apple-generic";
			};
			name = Release;
		};
		83CBBA201A601CBA00E9B192 /* Debug */ = {
			isa = XCBuildConfiguration;
			buildSettings = {
				ALWAYS_SEARCH_USER_PATHS = NO;
				CLANG_ANALYZER_LOCALIZABILITY_NONLOCALIZED = YES;
				CLANG_CXX_LANGUAGE_STANDARD = "gnu++0x";
				CLANG_CXX_LIBRARY = "libc++";
				CLANG_ENABLE_MODULES = YES;
				CLANG_ENABLE_OBJC_ARC = YES;
				CLANG_WARN_BLOCK_CAPTURE_AUTORELEASING = YES;
				CLANG_WARN_BOOL_CONVERSION = YES;
				CLANG_WARN_COMMA = YES;
				CLANG_WARN_CONSTANT_CONVERSION = YES;
				CLANG_WARN_DEPRECATED_OBJC_IMPLEMENTATIONS = YES;
				CLANG_WARN_DIRECT_OBJC_ISA_USAGE = YES_ERROR;
				CLANG_WARN_EMPTY_BODY = YES;
				CLANG_WARN_ENUM_CONVERSION = YES;
				CLANG_WARN_INFINITE_RECURSION = YES;
				CLANG_WARN_INT_CONVERSION = YES;
				CLANG_WARN_NON_LITERAL_NULL_CONVERSION = YES;
				CLANG_WARN_OBJC_IMPLICIT_RETAIN_SELF = YES;
				CLANG_WARN_OBJC_LITERAL_CONVERSION = YES;
				CLANG_WARN_OBJC_ROOT_CLASS = YES_ERROR;
				CLANG_WARN_QUOTED_INCLUDE_IN_FRAMEWORK_HEADER = YES;
				CLANG_WARN_RANGE_LOOP_ANALYSIS = YES;
				CLANG_WARN_STRICT_PROTOTYPES = YES;
				CLANG_WARN_SUSPICIOUS_MOVE = YES;
				CLANG_WARN_UNREACHABLE_CODE = YES;
				CLANG_WARN__DUPLICATE_METHOD_MATCH = YES;
				"CODE_SIGN_IDENTITY[sdk=iphoneos*]" = "iPhone Developer";
				COPY_PHASE_STRIP = NO;
				ENABLE_STRICT_OBJC_MSGSEND = YES;
				ENABLE_TESTABILITY = YES;
				GCC_C_LANGUAGE_STANDARD = gnu99;
				GCC_DYNAMIC_NO_PIC = NO;
				GCC_NO_COMMON_BLOCKS = YES;
				GCC_OPTIMIZATION_LEVEL = 0;
				GCC_PREPROCESSOR_DEFINITIONS = (
					"DEBUG=1",
					"$(inherited)",
				);
				GCC_SYMBOLS_PRIVATE_EXTERN = NO;
				GCC_WARN_64_TO_32_BIT_CONVERSION = YES;
				GCC_WARN_ABOUT_RETURN_TYPE = YES_ERROR;
				GCC_WARN_UNDECLARED_SELECTOR = YES;
				GCC_WARN_UNINITIALIZED_AUTOS = YES_AGGRESSIVE;
				GCC_WARN_UNUSED_FUNCTION = YES;
				GCC_WARN_UNUSED_VARIABLE = YES;
				IPHONEOS_DEPLOYMENT_TARGET = 10.0;
				LD_RUNPATH_SEARCH_PATHS = (
					/usr/lib/swift,
					"$(inherited)",
				);
				LIBRARY_SEARCH_PATHS = (
					"\"$(TOOLCHAIN_DIR)/usr/lib/swift/$(PLATFORM_NAME)\"",
					"\"$(TOOLCHAIN_DIR)/usr/lib/swift-5.0/$(PLATFORM_NAME)\"",
					"\"$(inherited)\"",
				);
				MTL_ENABLE_DEBUG_INFO = YES;
				ONLY_ACTIVE_ARCH = YES;
				SDKROOT = iphoneos;
			};
			name = Debug;
		};
		83CBBA211A601CBA00E9B192 /* Release */ = {
			isa = XCBuildConfiguration;
			buildSettings = {
				ALWAYS_SEARCH_USER_PATHS = NO;
				CLANG_ANALYZER_LOCALIZABILITY_NONLOCALIZED = YES;
				CLANG_CXX_LANGUAGE_STANDARD = "gnu++0x";
				CLANG_CXX_LIBRARY = "libc++";
				CLANG_ENABLE_MODULES = YES;
				CLANG_ENABLE_OBJC_ARC = YES;
				CLANG_WARN_BLOCK_CAPTURE_AUTORELEASING = YES;
				CLANG_WARN_BOOL_CONVERSION = YES;
				CLANG_WARN_COMMA = YES;
				CLANG_WARN_CONSTANT_CONVERSION = YES;
				CLANG_WARN_DEPRECATED_OBJC_IMPLEMENTATIONS = YES;
				CLANG_WARN_DIRECT_OBJC_ISA_USAGE = YES_ERROR;
				CLANG_WARN_EMPTY_BODY = YES;
				CLANG_WARN_ENUM_CONVERSION = YES;
				CLANG_WARN_INFINITE_RECURSION = YES;
				CLANG_WARN_INT_CONVERSION = YES;
				CLANG_WARN_NON_LITERAL_NULL_CONVERSION = YES;
				CLANG_WARN_OBJC_IMPLICIT_RETAIN_SELF = YES;
				CLANG_WARN_OBJC_LITERAL_CONVERSION = YES;
				CLANG_WARN_OBJC_ROOT_CLASS = YES_ERROR;
				CLANG_WARN_QUOTED_INCLUDE_IN_FRAMEWORK_HEADER = YES;
				CLANG_WARN_RANGE_LOOP_ANALYSIS = YES;
				CLANG_WARN_STRICT_PROTOTYPES = YES;
				CLANG_WARN_SUSPICIOUS_MOVE = YES;
				CLANG_WARN_UNREACHABLE_CODE = YES;
				CLANG_WARN__DUPLICATE_METHOD_MATCH = YES;
				"CODE_SIGN_IDENTITY[sdk=iphoneos*]" = "iPhone Developer";
				COPY_PHASE_STRIP = YES;
				ENABLE_NS_ASSERTIONS = NO;
				ENABLE_STRICT_OBJC_MSGSEND = YES;
				GCC_C_LANGUAGE_STANDARD = gnu99;
				GCC_NO_COMMON_BLOCKS = YES;
				GCC_WARN_64_TO_32_BIT_CONVERSION = YES;
				GCC_WARN_ABOUT_RETURN_TYPE = YES_ERROR;
				GCC_WARN_UNDECLARED_SELECTOR = YES;
				GCC_WARN_UNINITIALIZED_AUTOS = YES_AGGRESSIVE;
				GCC_WARN_UNUSED_FUNCTION = YES;
				GCC_WARN_UNUSED_VARIABLE = YES;
				IPHONEOS_DEPLOYMENT_TARGET = 10.0;
				LD_RUNPATH_SEARCH_PATHS = (
					/usr/lib/swift,
					"$(inherited)",
				);
				LIBRARY_SEARCH_PATHS = (
					"\"$(TOOLCHAIN_DIR)/usr/lib/swift/$(PLATFORM_NAME)\"",
					"\"$(TOOLCHAIN_DIR)/usr/lib/swift-5.0/$(PLATFORM_NAME)\"",
					"\"$(inherited)\"",
				);
				MTL_ENABLE_DEBUG_INFO = NO;
				SDKROOT = iphoneos;
				VALIDATE_PRODUCT = YES;
			};
			name = Release;
		};
/* End XCBuildConfiguration section */

/* Begin XCConfigurationList section */
		00E357021AD99517003FC87E /* Build configuration list for PBXNativeTarget "AwesomeProjectTests" */ = {
			isa = XCConfigurationList;
			buildConfigurations = (
				00E356F61AD99517003FC87E /* Debug */,
				00E356F71AD99517003FC87E /* Release */,
			);
			defaultConfigurationIsVisible = 0;
			defaultConfigurationName = Release;
		};
		13B07F931A680F5B00A75B9A /* Build configuration list for PBXNativeTarget "AwesomeProject" */ = {
			isa = XCConfigurationList;
			buildConfigurations = (
				13B07F941A680F5B00A75B9A /* Debug */,
				13B07F951A680F5B00A75B9A /* Release */,
			);
			defaultConfigurationIsVisible = 0;
			defaultConfigurationName = Release;
		};
		83CBB9FA1A601CBA00E9B192 /* Build configuration list for PBXProject "AwesomeProject" */ = {
			isa = XCConfigurationList;
			buildConfigurations = (
				83CBBA201A601CBA00E9B192 /* Debug */,
				83CBBA211A601CBA00E9B192 /* Release */,
			);
			defaultConfigurationIsVisible = 0;
			defaultConfigurationName = Release;
		};
/* End XCConfigurationList section */
	};
	rootObject = 83CBB9F71A601CBA00E9B192 /* Project object */;
}
